
Microsoft Visual Studio Solution File, Format Version 12.00
# Visual Studio Version 16
VisualStudioVersion = 16.0.30523.141
MinimumVisualStudioVersion = 10.0.40219.1
Project("{FAE04EC0-301F-11D3-BF4B-00C04F79EFBC}") = "SqlDataReader Class ConsoleApp", "SqlDataReader Class ConsoleApp.csproj", "{C0A8A122-C8D2-441A-AC12-CE90B6DA95CA}"
EndProject
Global
	GlobalSection(SolutionConfigurationPlatforms) = preSolution
		Debug|Any CPU = Debug|Any CPU
		Release|Any CPU = Release|Any CPU
	EndGlobalSection
	GlobalSection(ProjectConfigurationPlatforms) = postSolution
		{C0A8A122-C8D2-441A-AC12-CE90B6DA95CA}.Debug|Any CPU.ActiveCfg = Debug|Any CPU
		{C0A8A122-C8D2-441A-AC12-CE90B6DA95CA}.Debug|Any CPU.Build.0 = Debug|Any CPU
		{C0A8A122-C8D2-441A-AC12-CE90B6DA95CA}.Release|Any CPU.ActiveCfg = Release|Any CPU
		{C0A8A122-C8D2-441A-AC12-CE90B6DA95CA}.Release|Any CPU.Build.0 = Release|Any CPU
	EndGlobalSection
	GlobalSection(SolutionProperties) = preSolution
		HideSolutionNode = FALSE
	EndGlobalSection
	GlobalSection(ExtensibilityGlobals) = postSolution
		SolutionGuid = {5BABDF48-7A08-404E-8E73-2B7D68849C05}
	EndGlobalSection
EndGlobal
